// !$*UTF8*$!
{
	archiveVersion = 1;
	classes = {
	};
	objectVersion = 56;
	objects = {

/* Begin PBXBuildFile section */
		FB3652C82CB433B00013B91B /* AppDelegate.swift in Sources */ = {isa = PBXBuildFile; fileRef = FB3652C72CB433B00013B91B /* AppDelegate.swift */; };
		FB3652CA2CB433B00013B91B /* SceneDelegate.swift in Sources */ = {isa = PBXBuildFile; fileRef = FB3652C92CB433B00013B91B /* SceneDelegate.swift */; };
		FB3652CF2CB433B00013B91B /* Base in Resources */ = {isa = PBXBuildFile; fileRef = FB3652CE2CB433B00013B91B /* Base */; };
		FB3652D12CB433B10013B91B /* Assets.xcassets in Resources */ = {isa = PBXBuildFile; fileRef = FB3652D02CB433B10013B91B /* Assets.xcassets */; };
		FB3652D42CB433B10013B91B /* Base in Resources */ = {isa = PBXBuildFile; fileRef = FB3652D32CB433B10013B91B /* Base */; };
		FB3652DF2CB433B10013B91B /* boceto_2_CellViewTests.swift in Sources */ = {isa = PBXBuildFile; fileRef = FB3652DE2CB433B10013B91B /* boceto_2_CellViewTests.swift */; };
		FB3652E92CB433B10013B91B /* boceto_2_CellViewUITests.swift in Sources */ = {isa = PBXBuildFile; fileRef = FB3652E82CB433B10013B91B /* boceto_2_CellViewUITests.swift */; };
		FB3652EB2CB433B10013B91B /* boceto_2_CellViewUITestsLaunchTests.swift in Sources */ = {isa = PBXBuildFile; fileRef = FB3652EA2CB433B10013B91B /* boceto_2_CellViewUITestsLaunchTests.swift */; };
		FB3652FA2CB4375C0013B91B /* ControladorPantallaPrincipalDeColeccion.swift in Sources */ = {isa = PBXBuildFile; fileRef = FB3652F92CB4375C0013B91B /* ControladorPantallaPrincipalDeColeccion.swift */; };
/* End PBXBuildFile section */

/* Begin PBXContainerItemProxy section */
		FB3652DB2CB433B10013B91B /* PBXContainerItemProxy */ = {
			isa = PBXContainerItemProxy;
			containerPortal = FB3652BC2CB433B00013B91B /* Project object */;
			proxyType = 1;
			remoteGlobalIDString = FB3652C32CB433B00013B91B;
			remoteInfo = boceto_2_CellView;
		};
		FB3652E52CB433B10013B91B /* PBXContainerItemProxy */ = {
			isa = PBXContainerItemProxy;
			containerPortal = FB3652BC2CB433B00013B91B /* Project object */;
			proxyType = 1;
			remoteGlobalIDString = FB3652C32CB433B00013B91B;
			remoteInfo = boceto_2_CellView;
		};
/* End PBXContainerItemProxy section */

/* Begin PBXFileReference section */
		FB3652C42CB433B00013B91B /* boceto_2_CellView.app */ = {isa = PBXFileReference; explicitFileType = wrapper.application; includeInIndex = 0; path = boceto_2_CellView.app; sourceTree = BUILT_PRODUCTS_DIR; };
		FB3652C72CB433B00013B91B /* AppDelegate.swift */ = {isa = PBXFileReference; lastKnownFileType = sourcecode.swift; path = AppDelegate.swift; sourceTree = "<group>"; };
		FB3652C92CB433B00013B91B /* SceneDelegate.swift */ = {isa = PBXFileReference; lastKnownFileType = sourcecode.swift; path = SceneDelegate.swift; sourceTree = "<group>"; };
		FB3652CE2CB433B00013B91B /* Base */ = {isa = PBXFileReference; lastKnownFileType = file.storyboard; name = Base; path = Base.lproj/Main.storyboard; sourceTree = "<group>"; };
		FB3652D02CB433B10013B91B /* Assets.xcassets */ = {isa = PBXFileReference; lastKnownFileType = folder.assetcatalog; path = Assets.xcassets; sourceTree = "<group>"; };
		FB3652D32CB433B10013B91B /* Base */ = {isa = PBXFileReference; lastKnownFileType = file.storyboard; name = Base; path = Base.lproj/LaunchScreen.storyboard; sourceTree = "<group>"; };
		FB3652D52CB433B10013B91B /* Info.plist */ = {isa = PBXFileReference; lastKnownFileType = text.plist.xml; path = Info.plist; sourceTree = "<group>"; };
		FB3652DA2CB433B10013B91B /* boceto_2_CellViewTests.xctest */ = {isa = PBXFileReference; explicitFileType = wrapper.cfbundle; includeInIndex = 0; path = boceto_2_CellViewTests.xctest; sourceTree = BUILT_PRODUCTS_DIR; };
		FB3652DE2CB433B10013B91B /* boceto_2_CellViewTests.swift */ = {isa = PBXFileReference; lastKnownFileType = sourcecode.swift; path = boceto_2_CellViewTests.swift; sourceTree = "<group>"; };
		FB3652E42CB433B10013B91B /* boceto_2_CellViewUITests.xctest */ = {isa = PBXFileReference; explicitFileType = wrapper.cfbundle; includeInIndex = 0; path = boceto_2_CellViewUITests.xctest; sourceTree = BUILT_PRODUCTS_DIR; };
		FB3652E82CB433B10013B91B /* boceto_2_CellViewUITests.swift */ = {isa = PBXFileReference; lastKnownFileType = sourcecode.swift; path = boceto_2_CellViewUITests.swift; sourceTree = "<group>"; };
		FB3652EA2CB433B10013B91B /* boceto_2_CellViewUITestsLaunchTests.swift */ = {isa = PBXFileReference; lastKnownFileType = sourcecode.swift; path = boceto_2_CellViewUITestsLaunchTests.swift; sourceTree = "<group>"; };
		FB3652F92CB4375C0013B91B /* ControladorPantallaPrincipalDeColeccion.swift */ = {isa = PBXFileReference; lastKnownFileType = sourcecode.swift; path = ControladorPantallaPrincipalDeColeccion.swift; sourceTree = "<group>"; };
/* End PBXFileReference section */

/* Begin PBXFrameworksBuildPhase section */
		FB3652C12CB433B00013B91B /* Frameworks */ = {
			isa = PBXFrameworksBuildPhase;
			buildActionMask = 2147483647;
			files = (
			);
			runOnlyForDeploymentPostprocessing = 0;
		};
		FB3652D72CB433B10013B91B /* Frameworks */ = {
			isa = PBXFrameworksBuildPhase;
			buildActionMask = 2147483647;
			files = (
			);
			runOnlyForDeploymentPostprocessing = 0;
		};
		FB3652E12CB433B10013B91B /* Frameworks */ = {
			isa = PBXFrameworksBuildPhase;
			buildActionMask = 2147483647;
			files = (
			);
			runOnlyForDeploymentPostprocessing = 0;
		};
/* End PBXFrameworksBuildPhase section */

/* Begin PBXGroup section */
		FB3652BB2CB433B00013B91B = {
			isa = PBXGroup;
			children = (
				FB3652C62CB433B00013B91B /* boceto_2_CellView */,
				FB3652DD2CB433B10013B91B /* boceto_2_CellViewTests */,
				FB3652E72CB433B10013B91B /* boceto_2_CellViewUITests */,
				FB3652C52CB433B00013B91B /* Products */,
			);
			sourceTree = "<group>";
		};
		FB3652C52CB433B00013B91B /* Products */ = {
			isa = PBXGroup;
			children = (
				FB3652C42CB433B00013B91B /* boceto_2_CellView.app */,
				FB3652DA2CB433B10013B91B /* boceto_2_CellViewTests.xctest */,
				FB3652E42CB433B10013B91B /* boceto_2_CellViewUITests.xctest */,
			);
			name = Products;
			sourceTree = "<group>";
		};
		FB3652C62CB433B00013B91B /* boceto_2_CellView */ = {
			isa = PBXGroup;
			children = (
				FB3652F72CB436830013B91B /* controladores_de_pantalla */,
				FB3652C72CB433B00013B91B /* AppDelegate.swift */,
				FB3652C92CB433B00013B91B /* SceneDelegate.swift */,
				FB3652CD2CB433B00013B91B /* Main.storyboard */,
				FB3652D02CB433B10013B91B /* Assets.xcassets */,
				FB3652D22CB433B10013B91B /* LaunchScreen.storyboard */,
				FB3652D52CB433B10013B91B /* Info.plist */,
			);
			path = boceto_2_CellView;
			sourceTree = "<group>";
		};
		FB3652DD2CB433B10013B91B /* boceto_2_CellViewTests */ = {
			isa = PBXGroup;
			children = (
				FB3652DE2CB433B10013B91B /* boceto_2_CellViewTests.swift */,
			);
			path = boceto_2_CellViewTests;
			sourceTree = "<group>";
		};
		FB3652E72CB433B10013B91B /* boceto_2_CellViewUITests */ = {
			isa = PBXGroup;
			children = (
				FB3652E82CB433B10013B91B /* boceto_2_CellViewUITests.swift */,
				FB3652EA2CB433B10013B91B /* boceto_2_CellViewUITestsLaunchTests.swift */,
			);
			path = boceto_2_CellViewUITests;
			sourceTree = "<group>";
		};
		FB3652F72CB436830013B91B /* controladores_de_pantalla */ = {
			isa = PBXGroup;
			children = (
				FB3652F82CB436B10013B91B /* vista_de_celdas */,
			);
			path = controladores_de_pantalla;
			sourceTree = "<group>";
		};
		FB3652F82CB436B10013B91B /* vista_de_celdas */ = {
			isa = PBXGroup;
			children = (
				FB3652F92CB4375C0013B91B /* ControladorPantallaPrincipalDeColeccion.swift */,
			);
			path = vista_de_celdas;
			sourceTree = "<group>";
		};
/* End PBXGroup section */

/* Begin PBXNativeTarget section */
		FB3652C32CB433B00013B91B /* boceto_2_CellView */ = {
			isa = PBXNativeTarget;
			buildConfigurationList = FB3652EE2CB433B10013B91B /* Build configuration list for PBXNativeTarget "boceto_2_CellView" */;
			buildPhases = (
				FB3652C02CB433B00013B91B /* Sources */,
				FB3652C12CB433B00013B91B /* Frameworks */,
				FB3652C22CB433B00013B91B /* Resources */,
			);
			buildRules = (
			);
			dependencies = (
			);
			name = boceto_2_CellView;
			productName = boceto_2_CellView;
			productReference = FB3652C42CB433B00013B91B /* boceto_2_CellView.app */;
			productType = "com.apple.product-type.application";
		};
		FB3652D92CB433B10013B91B /* boceto_2_CellViewTests */ = {
			isa = PBXNativeTarget;
			buildConfigurationList = FB3652F12CB433B10013B91B /* Build configuration list for PBXNativeTarget "boceto_2_CellViewTests" */;
			buildPhases = (
				FB3652D62CB433B10013B91B /* Sources */,
				FB3652D72CB433B10013B91B /* Frameworks */,
				FB3652D82CB433B10013B91B /* Resources */,
			);
			buildRules = (
			);
			dependencies = (
				FB3652DC2CB433B10013B91B /* PBXTargetDependency */,
			);
			name = boceto_2_CellViewTests;
			productName = boceto_2_CellViewTests;
			productReference = FB3652DA2CB433B10013B91B /* boceto_2_CellViewTests.xctest */;
			productType = "com.apple.product-type.bundle.unit-test";
		};
		FB3652E32CB433B10013B91B /* boceto_2_CellViewUITests */ = {
			isa = PBXNativeTarget;
			buildConfigurationList = FB3652F42CB433B10013B91B /* Build configuration list for PBXNativeTarget "boceto_2_CellViewUITests" */;
			buildPhases = (
				FB3652E02CB433B10013B91B /* Sources */,
				FB3652E12CB433B10013B91B /* Frameworks */,
				FB3652E22CB433B10013B91B /* Resources */,
			);
			buildRules = (
			);
			dependencies = (
				FB3652E62CB433B10013B91B /* PBXTargetDependency */,
			);
			name = boceto_2_CellViewUITests;
			productName = boceto_2_CellViewUITests;
			productReference = FB3652E42CB433B10013B91B /* boceto_2_CellViewUITests.xctest */;
			productType = "com.apple.product-type.bundle.ui-testing";
		};
/* End PBXNativeTarget section */

/* Begin PBXProject section */
		FB3652BC2CB433B00013B91B /* Project object */ = {
			isa = PBXProject;
			attributes = {
				BuildIndependentTargetsInParallel = 1;
				LastSwiftUpdateCheck = 1540;
				LastUpgradeCheck = 1540;
				TargetAttributes = {
					FB3652C32CB433B00013B91B = {
						CreatedOnToolsVersion = 15.4;
					};
					FB3652D92CB433B10013B91B = {
						CreatedOnToolsVersion = 15.4;
						TestTargetID = FB3652C32CB433B00013B91B;
					};
					FB3652E32CB433B10013B91B = {
						CreatedOnToolsVersion = 15.4;
						TestTargetID = FB3652C32CB433B00013B91B;
					};
				};
			};
			buildConfigurationList = FB3652BF2CB433B00013B91B /* Build configuration list for PBXProject "boceto_2_CellView" */;
			compatibilityVersion = "Xcode 14.0";
			developmentRegion = en;
			hasScannedForEncodings = 0;
			knownRegions = (
				en,
				Base,
			);
			mainGroup = FB3652BB2CB433B00013B91B;
			productRefGroup = FB3652C52CB433B00013B91B /* Products */;
			projectDirPath = "";
			projectRoot = "";
			targets = (
				FB3652C32CB433B00013B91B /* boceto_2_CellView */,
				FB3652D92CB433B10013B91B /* boceto_2_CellViewTests */,
				FB3652E32CB433B10013B91B /* boceto_2_CellViewUITests */,
			);
		};
/* End PBXProject section */

/* Begin PBXResourcesBuildPhase section */
		FB3652C22CB433B00013B91B /* Resources */ = {
			isa = PBXResourcesBuildPhase;
			buildActionMask = 2147483647;
			files = (
				FB3652D12CB433B10013B91B /* Assets.xcassets in Resources */,
				FB3652D42CB433B10013B91B /* Base in Resources */,
				FB3652CF2CB433B00013B91B /* Base in Resources */,
			);
			runOnlyForDeploymentPostprocessing = 0;
		};
		FB3652D82CB433B10013B91B /* Resources */ = {
			isa = PBXResourcesBuildPhase;
			buildActionMask = 2147483647;
			files = (
			);
			runOnlyForDeploymentPostprocessing = 0;
		};
		FB3652E22CB433B10013B91B /* Resources */ = {
			isa = PBXResourcesBuildPhase;
			buildActionMask = 2147483647;
			files = (
			);
			runOnlyForDeploymentPostprocessing = 0;
		};
/* End PBXResourcesBuildPhase section */

/* Begin PBXSourcesBuildPhase section */
		FB3652C02CB433B00013B91B /* Sources */ = {
			isa = PBXSourcesBuildPhase;
			buildActionMask = 2147483647;
			files = (
				FB3652C82CB433B00013B91B /* AppDelegate.swift in Sources */,
				FB3652CA2CB433B00013B91B /* SceneDelegate.swift in Sources */,
				FB3652FA2CB4375C0013B91B /* ControladorPantallaPrincipalDeColeccion.swift in Sources */,
			);
			runOnlyForDeploymentPostprocessing = 0;
		};
		FB3652D62CB433B10013B91B /* Sources */ = {
			isa = PBXSourcesBuildPhase;
			buildActionMask = 2147483647;
			files = (
				FB3652DF2CB433B10013B91B /* boceto_2_CellViewTests.swift in Sources */,
			);
			runOnlyForDeploymentPostprocessing = 0;
		};
		FB3652E02CB433B10013B91B /* Sources */ = {
			isa = PBXSourcesBuildPhase;
			buildActionMask = 2147483647;
			files = (
				FB3652EB2CB433B10013B91B /* boceto_2_CellViewUITestsLaunchTests.swift in Sources */,
				FB3652E92CB433B10013B91B /* boceto_2_CellViewUITests.swift in Sources */,
			);
			runOnlyForDeploymentPostprocessing = 0;
		};
/* End PBXSourcesBuildPhase section */

/* Begin PBXTargetDependency section */
		FB3652DC2CB433B10013B91B /* PBXTargetDependency */ = {
			isa = PBXTargetDependency;
			target = FB3652C32CB433B00013B91B /* boceto_2_CellView */;
			targetProxy = FB3652DB2CB433B10013B91B /* PBXContainerItemProxy */;
		};
		FB3652E62CB433B10013B91B /* PBXTargetDependency */ = {
			isa = PBXTargetDependency;
			target = FB3652C32CB433B00013B91B /* boceto_2_CellView */;
			targetProxy = FB3652E52CB433B10013B91B /* PBXContainerItemProxy */;
		};
/* End PBXTargetDependency section */

/* Begin PBXVariantGroup section */
		FB3652CD2CB433B00013B91B /* Main.storyboard */ = {
			isa = PBXVariantGroup;
			children = (
				FB3652CE2CB433B00013B91B /* Base */,
			);
			name = Main.storyboard;
			sourceTree = "<group>";
		};
		FB3652D22CB433B10013B91B /* LaunchScreen.storyboard */ = {
			isa = PBXVariantGroup;
			children = (
				FB3652D32CB433B10013B91B /* Base */,
			);
			name = LaunchScreen.storyboard;
			sourceTree = "<group>";
		};
/* End PBXVariantGroup section */

/* Begin XCBuildConfiguration section */
		FB3652EC2CB433B10013B91B /* Debug */ = {
			isa = XCBuildConfiguration;
			buildSettings = {
				ALWAYS_SEARCH_USER_PATHS = NO;
				ASSETCATALOG_COMPILER_GENERATE_SWIFT_ASSET_SYMBOL_EXTENSIONS = YES;
				CLANG_ANALYZER_NONNULL = YES;
				CLANG_ANALYZER_NUMBER_OBJECT_CONVERSION = YES_AGGRESSIVE;
				CLANG_CXX_LANGUAGE_STANDARD = "gnu++20";
				CLANG_ENABLE_MODULES = YES;
				CLANG_ENABLE_OBJC_ARC = YES;
				CLANG_ENABLE_OBJC_WEAK = YES;
				CLANG_WARN_BLOCK_CAPTURE_AUTORELEASING = YES;
				CLANG_WARN_BOOL_CONVERSION = YES;
				CLANG_WARN_COMMA = YES;
				CLANG_WARN_CONSTANT_CONVERSION = YES;
				CLANG_WARN_DEPRECATED_OBJC_IMPLEMENTATIONS = YES;
				CLANG_WARN_DIRECT_OBJC_ISA_USAGE = YES_ERROR;
				CLANG_WARN_DOCUMENTATION_COMMENTS = YES;
				CLANG_WARN_EMPTY_BODY = YES;
				CLANG_WARN_ENUM_CONVERSION = YES;
				CLANG_WARN_INFINITE_RECURSION = YES;
				CLANG_WARN_INT_CONVERSION = YES;
				CLANG_WARN_NON_LITERAL_NULL_CONVERSION = YES;
				CLANG_WARN_OBJC_IMPLICIT_RETAIN_SELF = YES;
				CLANG_WARN_OBJC_LITERAL_CONVERSION = YES;
				CLANG_WARN_OBJC_ROOT_CLASS = YES_ERROR;
				CLANG_WARN_QUOTED_INCLUDE_IN_FRAMEWORK_HEADER = YES;
				CLANG_WARN_RANGE_LOOP_ANALYSIS = YES;
				CLANG_WARN_STRICT_PROTOTYPES = YES;
				CLANG_WARN_SUSPICIOUS_MOVE = YES;
				CLANG_WARN_UNGUARDED_AVAILABILITY = YES_AGGRESSIVE;
				CLANG_WARN_UNREACHABLE_CODE = YES;
				CLANG_WARN__DUPLICATE_METHOD_MATCH = YES;
				COPY_PHASE_STRIP = NO;
				DEBUG_INFORMATION_FORMAT = dwarf;
				ENABLE_STRICT_OBJC_MSGSEND = YES;
				ENABLE_TESTABILITY = YES;
				ENABLE_USER_SCRIPT_SANDBOXING = YES;
				GCC_C_LANGUAGE_STANDARD = gnu17;
				GCC_DYNAMIC_NO_PIC = NO;
				GCC_NO_COMMON_BLOCKS = YES;
				GCC_OPTIMIZATION_LEVEL = 0;
				GCC_PREPROCESSOR_DEFINITIONS = (
					"DEBUG=1",
					"$(inherited)",
				);
				GCC_WARN_64_TO_32_BIT_CONVERSION = YES;
				GCC_WARN_ABOUT_RETURN_TYPE = YES_ERROR;
				GCC_WARN_UNDECLARED_SELECTOR = YES;
				GCC_WARN_UNINITIALIZED_AUTOS = YES_AGGRESSIVE;
				GCC_WARN_UNUSED_FUNCTION = YES;
				GCC_WARN_UNUSED_VARIABLE = YES;
				IPHONEOS_DEPLOYMENT_TARGET = 17.5;
				LOCALIZATION_PREFERS_STRING_CATALOGS = YES;
				MTL_ENABLE_DEBUG_INFO = INCLUDE_SOURCE;
				MTL_FAST_MATH = YES;
				ONLY_ACTIVE_ARCH = YES;
				SDKROOT = iphoneos;
				SWIFT_ACTIVE_COMPILATION_CONDITIONS = "DEBUG $(inherited)";
				SWIFT_OPTIMIZATION_LEVEL = "-Onone";
			};
			name = Debug;
		};
		FB3652ED2CB433B10013B91B /* Release */ = {
			isa = XCBuildConfiguration;
			buildSettings = {
				ALWAYS_SEARCH_USER_PATHS = NO;
				ASSETCATALOG_COMPILER_GENERATE_SWIFT_ASSET_SYMBOL_EXTENSIONS = YES;
				CLANG_ANALYZER_NONNULL = YES;
				CLANG_ANALYZER_NUMBER_OBJECT_CONVERSION = YES_AGGRESSIVE;
				CLANG_CXX_LANGUAGE_STANDARD = "gnu++20";
				CLANG_ENABLE_MODULES = YES;
				CLANG_ENABLE_OBJC_ARC = YES;
				CLANG_ENABLE_OBJC_WEAK = YES;
				CLANG_WARN_BLOCK_CAPTURE_AUTORELEASING = YES;
				CLANG_WARN_BOOL_CONVERSION = YES;
				CLANG_WARN_COMMA = YES;
				CLANG_WARN_CONSTANT_CONVERSION = YES;
				CLANG_WARN_DEPRECATED_OBJC_IMPLEMENTATIONS = YES;
				CLANG_WARN_DIRECT_OBJC_ISA_USAGE = YES_ERROR;
				CLANG_WARN_DOCUMENTATION_COMMENTS = YES;
				CLANG_WARN_EMPTY_BODY = YES;
				CLANG_WARN_ENUM_CONVERSION = YES;
				CLANG_WARN_INFINITE_RECURSION = YES;
				CLANG_WARN_INT_CONVERSION = YES;
				CLANG_WARN_NON_LITERAL_NULL_CONVERSION = YES;
				CLANG_WARN_OBJC_IMPLICIT_RETAIN_SELF = YES;
				CLANG_WARN_OBJC_LITERAL_CONVERSION = YES;
				CLANG_WARN_OBJC_ROOT_CLASS = YES_ERROR;
				CLANG_WARN_QUOTED_INCLUDE_IN_FRAMEWORK_HEADER = YES;
				CLANG_WARN_RANGE_LOOP_ANALYSIS = YES;
				CLANG_WARN_STRICT_PROTOTYPES = YES;
				CLANG_WARN_SUSPICIOUS_MOVE = YES;
				CLANG_WARN_UNGUARDED_AVAILABILITY = YES_AGGRESSIVE;
				CLANG_WARN_UNREACHABLE_CODE = YES;
				CLANG_WARN__DUPLICATE_METHOD_MATCH = YES;
				COPY_PHASE_STRIP = NO;
				DEBUG_INFORMATION_FORMAT = "dwarf-with-dsym";
				ENABLE_NS_ASSERTIONS = NO;
				ENABLE_STRICT_OBJC_MSGSEND = YES;
				ENABLE_USER_SCRIPT_SANDBOXING = YES;
				GCC_C_LANGUAGE_STANDARD = gnu17;
				GCC_NO_COMMON_BLOCKS = YES;
				GCC_WARN_64_TO_32_BIT_CONVERSION = YES;
				GCC_WARN_ABOUT_RETURN_TYPE = YES_ERROR;
				GCC_WARN_UNDECLARED_SELECTOR = YES;
				GCC_WARN_UNINITIALIZED_AUTOS = YES_AGGRESSIVE;
				GCC_WARN_UNUSED_FUNCTION = YES;
				GCC_WARN_UNUSED_VARIABLE = YES;
				IPHONEOS_DEPLOYMENT_TARGET = 17.5;
				LOCALIZATION_PREFERS_STRING_CATALOGS = YES;
				MTL_ENABLE_DEBUG_INFO = NO;
				MTL_FAST_MATH = YES;
				SDKROOT = iphoneos;
				SWIFT_COMPILATION_MODE = wholemodule;
				VALIDATE_PRODUCT = YES;
			};
			name = Release;
		};
		FB3652EF2CB433B10013B91B /* Debug */ = {
			isa = XCBuildConfiguration;
			buildSettings = {
				ASSETCATALOG_COMPILER_APPICON_NAME = AppIcon;
				ASSETCATALOG_COMPILER_GLOBAL_ACCENT_COLOR_NAME = AccentColor;
				CODE_SIGN_STYLE = Automatic;
				CURRENT_PROJECT_VERSION = 1;
				GENERATE_INFOPLIST_FILE = YES;
				INFOPLIST_FILE = boceto_2_CellView/Info.plist;
				INFOPLIST_KEY_UIApplicationSupportsIndirectInputEvents = YES;
				INFOPLIST_KEY_UILaunchStoryboardName = LaunchScreen;
				INFOPLIST_KEY_UIMainStoryboardFile = Main;
				INFOPLIST_KEY_UISupportedInterfaceOrientations_iPad = "UIInterfaceOrientationPortrait UIInterfaceOrientationPortraitUpsideDown UIInterfaceOrientationLandscapeLeft UIInterfaceOrientationLandscapeRight";
				INFOPLIST_KEY_UISupportedInterfaceOrientations_iPhone = "UIInterfaceOrientationPortrait UIInterfaceOrientationLandscapeLeft UIInterfaceOrientationLandscapeRight";
				LD_RUNPATH_SEARCH_PATHS = (
					"$(inherited)",
					"@executable_path/Frameworks",
				);
				MARKETING_VERSION = 1.0;
				PRODUCT_BUNDLE_IDENTIFIER = "ddmi.boceto-2-CellView";
				PRODUCT_NAME = "$(TARGET_NAME)";
				SWIFT_EMIT_LOC_STRINGS = YES;
				SWIFT_VERSION = 5.0;
				TARGETED_DEVICE_FAMILY = "1,2";
			};
			name = Debug;
		};
		FB3652F02CB433B10013B91B /* Release */ = {
			isa = XCBuildConfiguration;
			buildSettings = {
				ASSETCATALOG_COMPILER_APPICON_NAME = AppIcon;
				ASSETCATALOG_COMPILER_GLOBAL_ACCENT_COLOR_NAME = AccentColor;
				CODE_SIGN_STYLE = Automatic;
				CURRENT_PROJECT_VERSION = 1;
				GENERATE_INFOPLIST_FILE = YES;
				INFOPLIST_FILE = boceto_2_CellView/Info.plist;
				INFOPLIST_KEY_UIApplicationSupportsIndirectInputEvents = YES;
				INFOPLIST_KEY_UILaunchStoryboardName = LaunchScreen;
				INFOPLIST_KEY_UIMainStoryboardFile = Main;
				INFOPLIST_KEY_UISupportedInterfaceOrientations_iPad = "UIInterfaceOrientationPortrait UIInterfaceOrientationPortraitUpsideDown UIInterfaceOrientationLandscapeLeft UIInterfaceOrientationLandscapeRight";
				INFOPLIST_KEY_UISupportedInterfaceOrientations_iPhone = "UIInterfaceOrientationPortrait UIInterfaceOrientationLandscapeLeft UIInterfaceOrientationLandscapeRight";
				LD_RUNPATH_SEARCH_PATHS = (
					"$(inherited)",
					"@executable_path/Frameworks",
				);
				MARKETING_VERSION = 1.0;
				PRODUCT_BUNDLE_IDENTIFIER = "ddmi.boceto-2-CellView";
				PRODUCT_NAME = "$(TARGET_NAME)";
				SWIFT_EMIT_LOC_STRINGS = YES;
				SWIFT_VERSION = 5.0;
				TARGETED_DEVICE_FAMILY = "1,2";
			};
			name = Release;
		};
		FB3652F22CB433B10013B91B /* Debug */ = {
			isa = XCBuildConfiguration;
			buildSettings = {
				ALWAYS_EMBED_SWIFT_STANDARD_LIBRARIES = YES;
				BUNDLE_LOADER = "$(TEST_HOST)";
				CODE_SIGN_STYLE = Automatic;
				CURRENT_PROJECT_VERSION = 1;
				GENERATE_INFOPLIST_FILE = YES;
				IPHONEOS_DEPLOYMENT_TARGET = 17.5;
				MARKETING_VERSION = 1.0;
				PRODUCT_BUNDLE_IDENTIFIER = "ddmi.boceto-2-CellViewTests";
				PRODUCT_NAME = "$(TARGET_NAME)";
				SWIFT_EMIT_LOC_STRINGS = NO;
				SWIFT_VERSION = 5.0;
				TARGETED_DEVICE_FAMILY = "1,2";
				TEST_HOST = "$(BUILT_PRODUCTS_DIR)/boceto_2_CellView.app/$(BUNDLE_EXECUTABLE_FOLDER_PATH)/boceto_2_CellView";
			};
			name = Debug;
		};
		FB3652F32CB433B10013B91B /* Release */ = {
			isa = XCBuildConfiguration;
			buildSettings = {
				ALWAYS_EMBED_SWIFT_STANDARD_LIBRARIES = YES;
				BUNDLE_LOADER = "$(TEST_HOST)";
				CODE_SIGN_STYLE = Automatic;
				CURRENT_PROJECT_VERSION = 1;
				GENERATE_INFOPLIST_FILE = YES;
				IPHONEOS_DEPLOYMENT_TARGET = 17.5;
				MARKETING_VERSION = 1.0;
				PRODUCT_BUNDLE_IDENTIFIER = "ddmi.boceto-2-CellViewTests";
				PRODUCT_NAME = "$(TARGET_NAME)";
				SWIFT_EMIT_LOC_STRINGS = NO;
				SWIFT_VERSION = 5.0;
				TARGETED_DEVICE_FAMILY = "1,2";
				TEST_HOST = "$(BUILT_PRODUCTS_DIR)/boceto_2_CellView.app/$(BUNDLE_EXECUTABLE_FOLDER_PATH)/boceto_2_CellView";
			};
			name = Release;
		};
		FB3652F52CB433B10013B91B /* Debug */ = {
			isa = XCBuildConfiguration;
			buildSettings = {
				ALWAYS_EMBED_SWIFT_STANDARD_LIBRARIES = YES;
				CODE_SIGN_STYLE = Automatic;
				CURRENT_PROJECT_VERSION = 1;
				GENERATE_INFOPLIST_FILE = YES;
				MARKETING_VERSION = 1.0;
				PRODUCT_BUNDLE_IDENTIFIER = "ddmi.boceto-2-CellViewUITests";
				PRODUCT_NAME = "$(TARGET_NAME)";
				SWIFT_EMIT_LOC_STRINGS = NO;
				SWIFT_VERSION = 5.0;
				TARGETED_DEVICE_FAMILY = "1,2";
				TEST_TARGET_NAME = boceto_2_CellView;
			};
			name = Debug;
		};
		FB3652F62CB433B10013B91B /* Release */ = {
			isa = XCBuildConfiguration;
			buildSettings = {
				ALWAYS_EMBED_SWIFT_STANDARD_LIBRARIES = YES;
				CODE_SIGN_STYLE = Automatic;
				CURRENT_PROJECT_VERSION = 1;
				GENERATE_INFOPLIST_FILE = YES;
				MARKETING_VERSION = 1.0;
				PRODUCT_BUNDLE_IDENTIFIER = "ddmi.boceto-2-CellViewUITests";
				PRODUCT_NAME = "$(TARGET_NAME)";
				SWIFT_EMIT_LOC_STRINGS = NO;
				SWIFT_VERSION = 5.0;
				TARGETED_DEVICE_FAMILY = "1,2";
				TEST_TARGET_NAME = boceto_2_CellView;
			};
			name = Release;
		};
/* End XCBuildConfiguration section */

/* Begin XCConfigurationList section */
		FB3652BF2CB433B00013B91B /* Build configuration list for PBXProject "boceto_2_CellView" */ = {
			isa = XCConfigurationList;
			buildConfigurations = (
				FB3652EC2CB433B10013B91B /* Debug */,
				FB3652ED2CB433B10013B91B /* Release */,
			);
			defaultConfigurationIsVisible = 0;
			defaultConfigurationName = Release;
		};
		FB3652EE2CB433B10013B91B /* Build configuration list for PBXNativeTarget "boceto_2_CellView" */ = {
			isa = XCConfigurationList;
			buildConfigurations = (
				FB3652EF2CB433B10013B91B /* Debug */,
				FB3652F02CB433B10013B91B /* Release */,
			);
			defaultConfigurationIsVisible = 0;
			defaultConfigurationName = Release;
		};
		FB3652F12CB433B10013B91B /* Build configuration list for PBXNativeTarget "boceto_2_CellViewTests" */ = {
			isa = XCConfigurationList;
			buildConfigurations = (
				FB3652F22CB433B10013B91B /* Debug */,
				FB3652F32CB433B10013B91B /* Release */,
			);
			defaultConfigurationIsVisible = 0;
			defaultConfigurationName = Release;
		};
		FB3652F42CB433B10013B91B /* Build configuration list for PBXNativeTarget "boceto_2_CellViewUITests" */ = {
			isa = XCConfigurationList;
			buildConfigurations = (
				FB3652F52CB433B10013B91B /* Debug */,
				FB3652F62CB433B10013B91B /* Release */,
			);
			defaultConfigurationIsVisible = 0;
			defaultConfigurationName = Release;
		};
/* End XCConfigurationList section */
	};
	rootObject = FB3652BC2CB433B00013B91B /* Project object */;
}
